{
  "requires": true,
  "lockfileVersion": 1,
  "dependencies": {
    "@types/jasmine": {
      "version": "3.3.12",
      "resolved": "https://registry.npmjs.org/@types/jasmine/-/jasmine-3.3.12.tgz",
      "integrity": "sha512-lXvr2xFQEVQLkIhuGaR3GC1L9lMU1IxeWnAF/wNY5ZWpC4p9dgxkKkzMp7pntpAdv9pZSnYqgsBkCg32MXSZMg=="
    }
  }
}
